
Microsoft Visual Studio Solution File, Format Version 12.00
# Visual Studio 2012
Project("{FAE04EC0-301F-11D3-BF4B-00C04F79EFBC}") = "MvcSiteMap_SimpleInjector3", "MvcSiteMap_SimpleInjector3\MvcSiteMap_SimpleInjector3.csproj", "{B9FBC49F-7DDA-4639-BCC8-A8328668C509}"
EndProject
Global
	GlobalSection(SolutionConfigurationPlatforms) = preSolution
		Debug|Any CPU = Debug|Any CPU
		Release|Any CPU = Release|Any CPU
	EndGlobalSection
	GlobalSection(ProjectConfigurationPlatforms) = postSolution
		{B9FBC49F-7DDA-4639-BCC8-A8328668C509}.Debug|Any CPU.ActiveCfg = Debug|Any CPU
		{B9FBC49F-7DDA-4639-BCC8-A8328668C509}.Debug|Any CPU.Build.0 = Debug|Any CPU
		{B9FBC49F-7DDA-4639-BCC8-A8328668C509}.Release|Any CPU.ActiveCfg = Release|Any CPU
		{B9FBC49F-7DDA-4639-BCC8-A8328668C509}.Release|Any CPU.Build.0 = Release|Any CPU
	EndGlobalSection
	GlobalSection(SolutionProperties) = preSolution
		HideSolutionNode = FALSE
	EndGlobalSection
EndGlobal
